
Microsoft Visual Studio Solution File, Format Version 12.00
# Visual Studio Version 17
VisualStudioVersion = 17.4.33122.133
MinimumVisualStudioVersion = 10.0.40219.1
Project("{FAE04EC0-301F-11D3-BF4B-00C04F79EFBC}") = "ConsoleApp1", "ConsoleApp1\ConsoleApp1.csproj", "{57EF1644-D102-4ADF-A5AF-57CBBD92B3B8}"
EndProject
Global
	GlobalSection(SolutionConfigurationPlatforms) = preSolution
		Debug|Any CPU = Debug|Any CPU
		Release|Any CPU = Release|Any CPU
	EndGlobalSection
	GlobalSection(ProjectConfigurationPlatforms) = postSolution
		{57EF1644-D102-4ADF-A5AF-57CBBD92B3B8}.Debug|Any CPU.ActiveCfg = Debug|Any CPU
		{57EF1644-D102-4ADF-A5AF-57CBBD92B3B8}.Debug|Any CPU.Build.0 = Debug|Any CPU
		{57EF1644-D102-4ADF-A5AF-57CBBD92B3B8}.Release|Any CPU.ActiveCfg = Release|Any CPU
		{57EF1644-D102-4ADF-A5AF-57CBBD92B3B8}.Release|Any CPU.Build.0 = Release|Any CPU
	EndGlobalSection
	GlobalSection(SolutionProperties) = preSolution
		HideSolutionNode = FALSE
	EndGlobalSection
	GlobalSection(ExtensibilityGlobals) = postSolution
		SolutionGuid = {EE837103-F186-4C59-88B6-8D31CE3D938F}
	EndGlobalSection
EndGlobal
